
Microsoft Visual Studio Solution File, Format Version 12.00
# Visual Studio 2012
Project("{8BC9CEB8-8B4A-11D0-8D11-00A0C91BC942}") = "UiLib", "UiLib\UiLib.vcxproj", "{8F14DEA1-BE9F-4F17-A5E5-15B4191200EF}"
EndProject
Project("{8BC9CEB8-8B4A-11D0-8D11-00A0C91BC942}") = "UiLib_Demos", "UiLib_Demos\UiLib_Demos\UiLib_Demos.vcxproj", "{4E91DAC9-51FA-4554-A6CC-D04C6E90F733}"
	ProjectSection(ProjectDependencies) = postProject
		{8F14DEA1-BE9F-4F17-A5E5-15B4191200EF} = {8F14DEA1-BE9F-4F17-A5E5-15B4191200EF}
	EndProjectSection
EndProject
Project("{8BC9CEB8-8B4A-11D0-8D11-00A0C91BC942}") = "UiLibRe", "UiLibRe\UiLibRe.vcxproj", "{1EBDB0A7-D040-4035-8161-0BB3E4DFC86B}"
EndProject
Global
	GlobalSection(SolutionConfigurationPlatforms) = preSolution
		Debug|Win32 = Debug|Win32
		DLL_Debug_2008|Win32 = DLL_Debug_2008|Win32
		DLL_Debug_2010|Win32 = DLL_Debug_2010|Win32
		DLL_Debug_2012|Win32 = DLL_Debug_2012|Win32
		DLL_Release_2008|Win32 = DLL_Release_2008|Win32
		DLL_Release_2010|Win32 = DLL_Release_2010|Win32
		DLL_Release_2012|Win32 = DLL_Release_2012|Win32
		exe_Debug|Win32 = exe_Debug|Win32
		exe_Release|Win32 = exe_Release|Win32
		Release|Win32 = Release|Win32
		Static_Debug_2008|Win32 = Static_Debug_2008|Win32
		Static_Debug_2010|Win32 = Static_Debug_2010|Win32
		Static_Debug_2012|Win32 = Static_Debug_2012|Win32
		Static_Release_2008|Win32 = Static_Release_2008|Win32
		Static_Release_2010|Win32 = Static_Release_2010|Win32
		Static_Release_2012|Win32 = Static_Release_2012|Win32
	EndGlobalSection
	GlobalSection(ProjectConfigurationPlatforms) = postSolution
		{8F14DEA1-BE9F-4F17-A5E5-15B4191200EF}.Debug|Win32.ActiveCfg = Static_Debug_2012|Win32
		{8F14DEA1-BE9F-4F17-A5E5-15B4191200EF}.Debug|Win32.Build.0 = Static_Debug_2012|Win32
		{8F14DEA1-BE9F-4F17-A5E5-15B4191200EF}.DLL_Debug_2008|Win32.ActiveCfg = DLL_Debug_2008|Win32
		{8F14DEA1-BE9F-4F17-A5E5-15B4191200EF}.DLL_Debug_2008|Win32.Build.0 = DLL_Debug_2008|Win32
		{8F14DEA1-BE9F-4F17-A5E5-15B4191200EF}.DLL_Debug_2010|Win32.ActiveCfg = DLL_Debug_2010|Win32
		{8F14DEA1-BE9F-4F17-A5E5-15B4191200EF}.DLL_Debug_2010|Win32.Build.0 = DLL_Debug_2010|Win32
		{8F14DEA1-BE9F-4F17-A5E5-15B4191200EF}.DLL_Debug_2012|Win32.ActiveCfg = DLL_Debug_2012|Win32
		{8F14DEA1-BE9F-4F17-A5E5-15B4191200EF}.DLL_Debug_2012|Win32.Build.0 = DLL_Debug_2012|Win32
		{8F14DEA1-BE9F-4F17-A5E5-15B4191200EF}.DLL_Release_2008|Win32.ActiveCfg = DLL_Release_2008|Win32
		{8F14DEA1-BE9F-4F17-A5E5-15B4191200EF}.DLL_Release_2008|Win32.Build.0 = DLL_Release_2008|Win32
		{8F14DEA1-BE9F-4F17-A5E5-15B4191200EF}.DLL_Release_2010|Win32.ActiveCfg = DLL_Release_2010|Win32
		{8F14DEA1-BE9F-4F17-A5E5-15B4191200EF}.DLL_Release_2010|Win32.Build.0 = DLL_Release_2010|Win32
		{8F14DEA1-BE9F-4F17-A5E5-15B4191200EF}.DLL_Release_2012|Win32.ActiveCfg = DLL_Release_2012|Win32
		{8F14DEA1-BE9F-4F17-A5E5-15B4191200EF}.DLL_Release_2012|Win32.Build.0 = DLL_Release_2012|Win32
		{8F14DEA1-BE9F-4F17-A5E5-15B4191200EF}.exe_Debug|Win32.ActiveCfg = exe_Debug|Win32
		{8F14DEA1-BE9F-4F17-A5E5-15B4191200EF}.exe_Debug|Win32.Build.0 = exe_Debug|Win32
		{8F14DEA1-BE9F-4F17-A5E5-15B4191200EF}.exe_Release|Win32.ActiveCfg = exe_Release|Win32
		{8F14DEA1-BE9F-4F17-A5E5-15B4191200EF}.Release|Win32.ActiveCfg = Static_Release_2012|Win32
		{8F14DEA1-BE9F-4F17-A5E5-15B4191200EF}.Release|Win32.Build.0 = Static_Release_2012|Win32
		{8F14DEA1-BE9F-4F17-A5E5-15B4191200EF}.Static_Debug_2008|Win32.ActiveCfg = Static_Debug_2008|Win32
		{8F14DEA1-BE9F-4F17-A5E5-15B4191200EF}.Static_Debug_2008|Win32.Build.0 = Static_Debug_2008|Win32
		{8F14DEA1-BE9F-4F17-A5E5-15B4191200EF}.Static_Debug_2010|Win32.ActiveCfg = Static_Debug_2010|Win32
		{8F14DEA1-BE9F-4F17-A5E5-15B4191200EF}.Static_Debug_2010|Win32.Build.0 = Static_Debug_2010|Win32
		{8F14DEA1-BE9F-4F17-A5E5-15B4191200EF}.Static_Debug_2012|Win32.ActiveCfg = Static_Debug_2012|Win32
		{8F14DEA1-BE9F-4F17-A5E5-15B4191200EF}.Static_Debug_2012|Win32.Build.0 = Static_Debug_2012|Win32
		{8F14DEA1-BE9F-4F17-A5E5-15B4191200EF}.Static_Release_2008|Win32.ActiveCfg = Static_Release_2008|Win32
		{8F14DEA1-BE9F-4F17-A5E5-15B4191200EF}.Static_Release_2008|Win32.Build.0 = Static_Release_2008|Win32
		{8F14DEA1-BE9F-4F17-A5E5-15B4191200EF}.Static_Release_2010|Win32.ActiveCfg = Static_Release_2010|Win32
		{8F14DEA1-BE9F-4F17-A5E5-15B4191200EF}.Static_Release_2010|Win32.Build.0 = Static_Release_2010|Win32
		{8F14DEA1-BE9F-4F17-A5E5-15B4191200EF}.Static_Release_2012|Win32.ActiveCfg = Static_Release_2012|Win32
		{4E91DAC9-51FA-4554-A6CC-D04C6E90F733}.Debug|Win32.ActiveCfg = Static_Debug_2012|Win32
		{4E91DAC9-51FA-4554-A6CC-D04C6E90F733}.Debug|Win32.Build.0 = Static_Debug_2012|Win32
		{4E91DAC9-51FA-4554-A6CC-D04C6E90F733}.DLL_Debug_2008|Win32.ActiveCfg = DLL_Debug_2008|Win32
		{4E91DAC9-51FA-4554-A6CC-D04C6E90F733}.DLL_Debug_2008|Win32.Build.0 = DLL_Debug_2008|Win32
		{4E91DAC9-51FA-4554-A6CC-D04C6E90F733}.DLL_Debug_2010|Win32.ActiveCfg = DLL_Debug_2010|Win32
		{4E91DAC9-51FA-4554-A6CC-D04C6E90F733}.DLL_Debug_2010|Win32.Build.0 = DLL_Debug_2010|Win32
		{4E91DAC9-51FA-4554-A6CC-D04C6E90F733}.DLL_Debug_2012|Win32.ActiveCfg = DLL_Debug_2012|Win32
		{4E91DAC9-51FA-4554-A6CC-D04C6E90F733}.DLL_Debug_2012|Win32.Build.0 = DLL_Debug_2012|Win32
		{4E91DAC9-51FA-4554-A6CC-D04C6E90F733}.DLL_Release_2008|Win32.ActiveCfg = DLL_Release_2008|Win32
		{4E91DAC9-51FA-4554-A6CC-D04C6E90F733}.DLL_Release_2008|Win32.Build.0 = DLL_Release_2008|Win32
		{4E91DAC9-51FA-4554-A6CC-D04C6E90F733}.DLL_Release_2010|Win32.ActiveCfg = DLL_Release_2010|Win32
		{4E91DAC9-51FA-4554-A6CC-D04C6E90F733}.DLL_Release_2010|Win32.Build.0 = DLL_Release_2010|Win32
		{4E91DAC9-51FA-4554-A6CC-D04C6E90F733}.DLL_Release_2012|Win32.ActiveCfg = DLL_Release_2012|Win32
		{4E91DAC9-51FA-4554-A6CC-D04C6E90F733}.DLL_Release_2012|Win32.Build.0 = DLL_Release_2012|Win32
		{4E91DAC9-51FA-4554-A6CC-D04C6E90F733}.exe_Debug|Win32.ActiveCfg = exe_Debug|Win32
		{4E91DAC9-51FA-4554-A6CC-D04C6E90F733}.exe_Debug|Win32.Build.0 = exe_Debug|Win32
		{4E91DAC9-51FA-4554-A6CC-D04C6E90F733}.exe_Release|Win32.ActiveCfg = exe_Release|Win32
		{4E91DAC9-51FA-4554-A6CC-D04C6E90F733}.Release|Win32.ActiveCfg = Static_Release_2012|Win32
		{4E91DAC9-51FA-4554-A6CC-D04C6E90F733}.Release|Win32.Build.0 = Static_Release_2012|Win32
		{4E91DAC9-51FA-4554-A6CC-D04C6E90F733}.Static_Debug_2008|Win32.ActiveCfg = Static_Debug_2008|Win32
		{4E91DAC9-51FA-4554-A6CC-D04C6E90F733}.Static_Debug_2008|Win32.Build.0 = Static_Debug_2008|Win32
		{4E91DAC9-51FA-4554-A6CC-D04C6E90F733}.Static_Debug_2010|Win32.ActiveCfg = Static_Debug_2010|Win32
		{4E91DAC9-51FA-4554-A6CC-D04C6E90F733}.Static_Debug_2010|Win32.Build.0 = Static_Debug_2010|Win32
		{4E91DAC9-51FA-4554-A6CC-D04C6E90F733}.Static_Debug_2012|Win32.ActiveCfg = Static_Debug_2012|Win32
		{4E91DAC9-51FA-4554-A6CC-D04C6E90F733}.Static_Debug_2012|Win32.Build.0 = Static_Debug_2012|Win32
		{4E91DAC9-51FA-4554-A6CC-D04C6E90F733}.Static_Release_2008|Win32.ActiveCfg = Static_Release_2008|Win32
		{4E91DAC9-51FA-4554-A6CC-D04C6E90F733}.Static_Release_2008|Win32.Build.0 = Static_Release_2008|Win32
		{4E91DAC9-51FA-4554-A6CC-D04C6E90F733}.Static_Release_2010|Win32.ActiveCfg = Static_Release_2010|Win32
		{4E91DAC9-51FA-4554-A6CC-D04C6E90F733}.Static_Release_2010|Win32.Build.0 = Static_Release_2010|Win32
		{4E91DAC9-51FA-4554-A6CC-D04C6E90F733}.Static_Release_2012|Win32.ActiveCfg = Static_Release_2012|Win32
		{1EBDB0A7-D040-4035-8161-0BB3E4DFC86B}.Debug|Win32.ActiveCfg = Debug|Win32
		{1EBDB0A7-D040-4035-8161-0BB3E4DFC86B}.Debug|Win32.Build.0 = Debug|Win32
		{1EBDB0A7-D040-4035-8161-0BB3E4DFC86B}.DLL_Debug_2008|Win32.ActiveCfg = Debug|Win32
		{1EBDB0A7-D040-4035-8161-0BB3E4DFC86B}.DLL_Debug_2008|Win32.Build.0 = Debug|Win32
		{1EBDB0A7-D040-4035-8161-0BB3E4DFC86B}.DLL_Debug_2010|Win32.ActiveCfg = Debug|Win32
		{1EBDB0A7-D040-4035-8161-0BB3E4DFC86B}.DLL_Debug_2010|Win32.Build.0 = Debug|Win32
		{1EBDB0A7-D040-4035-8161-0BB3E4DFC86B}.DLL_Debug_2012|Win32.ActiveCfg = Debug|Win32
		{1EBDB0A7-D040-4035-8161-0BB3E4DFC86B}.DLL_Debug_2012|Win32.Build.0 = Debug|Win32
		{1EBDB0A7-D040-4035-8161-0BB3E4DFC86B}.DLL_Release_2008|Win32.ActiveCfg = Release|Win32
		{1EBDB0A7-D040-4035-8161-0BB3E4DFC86B}.DLL_Release_2008|Win32.Build.0 = Release|Win32
		{1EBDB0A7-D040-4035-8161-0BB3E4DFC86B}.DLL_Release_2010|Win32.ActiveCfg = Release|Win32
		{1EBDB0A7-D040-4035-8161-0BB3E4DFC86B}.DLL_Release_2010|Win32.Build.0 = Release|Win32
		{1EBDB0A7-D040-4035-8161-0BB3E4DFC86B}.DLL_Release_2012|Win32.ActiveCfg = Release|Win32
		{1EBDB0A7-D040-4035-8161-0BB3E4DFC86B}.DLL_Release_2012|Win32.Build.0 = Release|Win32
		{1EBDB0A7-D040-4035-8161-0BB3E4DFC86B}.exe_Debug|Win32.ActiveCfg = exe_Debug|Win32
		{1EBDB0A7-D040-4035-8161-0BB3E4DFC86B}.exe_Debug|Win32.Build.0 = exe_Debug|Win32
		{1EBDB0A7-D040-4035-8161-0BB3E4DFC86B}.exe_Release|Win32.ActiveCfg = exe_Release|Win32
		{1EBDB0A7-D040-4035-8161-0BB3E4DFC86B}.exe_Release|Win32.Build.0 = exe_Release|Win32
		{1EBDB0A7-D040-4035-8161-0BB3E4DFC86B}.Release|Win32.ActiveCfg = Release|Win32
		{1EBDB0A7-D040-4035-8161-0BB3E4DFC86B}.Release|Win32.Build.0 = Release|Win32
		{1EBDB0A7-D040-4035-8161-0BB3E4DFC86B}.Static_Debug_2008|Win32.ActiveCfg = Debug|Win32
		{1EBDB0A7-D040-4035-8161-0BB3E4DFC86B}.Static_Debug_2008|Win32.Build.0 = Debug|Win32
		{1EBDB0A7-D040-4035-8161-0BB3E4DFC86B}.Static_Debug_2010|Win32.ActiveCfg = Debug|Win32
		{1EBDB0A7-D040-4035-8161-0BB3E4DFC86B}.Static_Debug_2010|Win32.Build.0 = Debug|Win32
		{1EBDB0A7-D040-4035-8161-0BB3E4DFC86B}.Static_Debug_2012|Win32.ActiveCfg = Debug|Win32
		{1EBDB0A7-D040-4035-8161-0BB3E4DFC86B}.Static_Debug_2012|Win32.Build.0 = Debug|Win32
		{1EBDB0A7-D040-4035-8161-0BB3E4DFC86B}.Static_Release_2008|Win32.ActiveCfg = Release|Win32
		{1EBDB0A7-D040-4035-8161-0BB3E4DFC86B}.Static_Release_2008|Win32.Build.0 = Release|Win32
		{1EBDB0A7-D040-4035-8161-0BB3E4DFC86B}.Static_Release_2010|Win32.ActiveCfg = Release|Win32
		{1EBDB0A7-D040-4035-8161-0BB3E4DFC86B}.Static_Release_2010|Win32.Build.0 = Release|Win32
		{1EBDB0A7-D040-4035-8161-0BB3E4DFC86B}.Static_Release_2012|Win32.ActiveCfg = Release|Win32
		{1EBDB0A7-D040-4035-8161-0BB3E4DFC86B}.Static_Release_2012|Win32.Build.0 = Release|Win32
	EndGlobalSection
	GlobalSection(SolutionProperties) = preSolution
		HideSolutionNode = FALSE
	EndGlobalSection
EndGlobal
